
Microsoft Visual Studio Solution File, Format Version 12.00
# Visual Studio Version 17
VisualStudioVersion = 17.5.33516.290
MinimumVisualStudioVersion = 10.0.40219.1
Project("{2150E333-8FDC-42A3-9474-1A3956D46DE8}") = "Medium", "Medium", "{9842A063-0A5B-473E-88DB-B6F2899FDEC3}"
EndProject
Project("{FAE04EC0-301F-11D3-BF4B-00C04F79EFBC}") = "KadanesAlgorithm", "Medium\KadanesAlgorithm\KadanesAlgorithm.csproj", "{575E5B8D-1ACB-4EC4-BABE-CD3D3A768C69}"
EndProject
Global
	GlobalSection(SolutionConfigurationPlatforms) = preSolution
		Debug|Any CPU = Debug|Any CPU
		Release|Any CPU = Release|Any CPU
	EndGlobalSection
	GlobalSection(ProjectConfigurationPlatforms) = postSolution
		{575E5B8D-1ACB-4EC4-BABE-CD3D3A768C69}.Debug|Any CPU.ActiveCfg = Debug|Any CPU
		{575E5B8D-1ACB-4EC4-BABE-CD3D3A768C69}.Debug|Any CPU.Build.0 = Debug|Any CPU
		{575E5B8D-1ACB-4EC4-BABE-CD3D3A768C69}.Release|Any CPU.ActiveCfg = Release|Any CPU
		{575E5B8D-1ACB-4EC4-BABE-CD3D3A768C69}.Release|Any CPU.Build.0 = Release|Any CPU
	EndGlobalSection
	GlobalSection(SolutionProperties) = preSolution
		HideSolutionNode = FALSE
	EndGlobalSection
	GlobalSection(NestedProjects) = preSolution
		{575E5B8D-1ACB-4EC4-BABE-CD3D3A768C69} = {9842A063-0A5B-473E-88DB-B6F2899FDEC3}
	EndGlobalSection
	GlobalSection(ExtensibilityGlobals) = postSolution
		SolutionGuid = {A13A18EB-FED6-412C-9778-D96ADADEF3F9}
	EndGlobalSection
EndGlobal
